{
  "name": "musicbox",
  "version": "1.0.0",
  "lockfileVersion": 1,
  "requires": true,
  "dependencies": {
    "asap": {
      "version": "2.0.6",
      "resolved": "https://registry.npmjs.org/asap/-/asap-2.0.6.tgz",
      "integrity": "sha1-5QNHYR1+aQlDIIu9r+vLwvuGbUY="
    },
    "async": {
      "version": "1.5.2",
      "resolved": "https://registry.npmjs.org/async/-/async-1.5.2.tgz",
      "integrity": "sha1-7GphrlZIDAw8skHJVhjiCJL5Zyo="
    },
    "bindings": {
      "version": "1.2.1",
      "resolved": "https://registry.npmjs.org/bindings/-/bindings-1.2.1.tgz",
      "integrity": "sha1-FK1hE4EtLTfXLme0ystLtyZQXxE="
    },
    "debug": {
      "version": "2.6.9",
      "resolved": "https://registry.npmjs.org/debug/-/debug-2.6.9.tgz",
      "integrity": "sha512-bC7ElrdJaJnPbAP+1EotYvqZsb3ecl5wi6Bfi6BJTUcNowp6cvspg0jXznRTKDjm/E7AdgFBVeAPVMNcKGsHMA==",
      "requires": {
        "ms": "2.0.0"
      }
    },
    "epoll": {
      "version": "0.1.22",
      "resolved": "https://registry.npmjs.org/epoll/-/epoll-0.1.22.tgz",
      "integrity": "sha1-GrmmN8/xGiCXDIiLHKIXi2TPUpE=",
      "requires": {
        "bindings": "1.2.1",
        "nan": "2.6.2"
      }
    },
    "ms": {
      "version": "2.0.0",
      "resolved": "https://registry.npmjs.org/ms/-/ms-2.0.0.tgz",
      "integrity": "sha1-VgiurfwAvmwpAd9fmGF4jeDVl8g="
    },
    "nan": {
      "version": "2.6.2",
      "resolved": "https://registry.npmjs.org/nan/-/nan-2.6.2.tgz",
      "integrity": "sha1-5P805slf37WuzAjeZZb0NgWn20U="
    },
    "node-mpg123": {
      "version": "https://registry.npmjs.org/node-mpg123/-/node-mpg123-1.0.2-0023.tgz",
      "integrity": "sha1-j5WDSbzdVJEnzVHF2XRtPp9cOu4="
    },
    "onoff": {
      "version": "1.1.9",
      "resolved": "https://registry.npmjs.org/onoff/-/onoff-1.1.9.tgz",
      "integrity": "sha512-jdEpAGp9kEu1qec9MqTB1rPdglxJh3YrxKMhSvGSUm0zeQWuHH4LCHkrW+rgEYec8uKuqa0FQOvfISj5Crkw0Q==",
      "requires": {
        "epoll": "1.0.2"
      },
      "dependencies": {
        "bindings": {
          "version": "1.3.0",
          "resolved": "https://registry.npmjs.org/bindings/-/bindings-1.3.0.tgz",
          "integrity": "sha512-DpLh5EzMR2kzvX1KIlVC0VkC3iZtHKTgdtZ0a3pglBZdaQFjt5S9g9xd1lE+YvXyfd6mtCeRnrUfOLYiTMlNSw=="
        },
        "epoll": {
          "version": "1.0.2",
          "resolved": "https://registry.npmjs.org/epoll/-/epoll-1.0.2.tgz",
          "integrity": "sha512-3t2crZPej4v60YYvXE/pgJ62D4RZBd/UsEXsHd+H3xtDre0vO8aV9O+0ThIPlfZtHJ4vMPhz55fYK1j37rX9Ng==",
          "requires": {
            "bindings": "1.3.0",
            "nan": "2.8.0"
          }
        },
        "nan": {
          "version": "2.8.0",
          "resolved": "https://registry.npmjs.org/nan/-/nan-2.8.0.tgz",
          "integrity": "sha1-7XFfP+neArV6XmJS2QqWZ14fCFo="
        }
      }
    },
    "promise": {
      "version": "7.1.1",
      "resolved": "https://registry.npmjs.org/promise/-/promise-7.1.1.tgz",
      "integrity": "sha1-SJZUxpJha4qlWwck+oCbt9tJxb8=",
      "requires": {
        "asap": "2.0.6"
      }
    },
    "rpi-gpio": {
      "version": "0.9.1",
      "resolved": "https://registry.npmjs.org/rpi-gpio/-/rpi-gpio-0.9.1.tgz",
      "integrity": "sha1-EIUCwDFYSwavF+29x/I/cK3pado=",
      "requires": {
        "async": "1.5.2",
        "debug": "2.6.9",
        "epoll": "0.1.22",
        "promise": "7.1.1"
      }
    }
  }
}
